// !$*UTF8*$!
{
	archiveVersion = 1;
	classes = {
	};
	objectVersion = 46;
	objects = {

/* Begin PBXBuildFile section */
		FC95CA3F1E3DF96D00D71E68 /* AppDelegate.swift in Sources */ = {isa = PBXBuildFile; fileRef = FC95CA3E1E3DF96D00D71E68 /* AppDelegate.swift */; };
		FC95CA411E3DF96D00D71E68 /* ViewController.swift in Sources */ = {isa = PBXBuildFile; fileRef = FC95CA401E3DF96D00D71E68 /* ViewController.swift */; };
		FC95CA441E3DF96D00D71E68 /* Main.storyboard in Resources */ = {isa = PBXBuildFile; fileRef = FC95CA421E3DF96D00D71E68 /* Main.storyboard */; };
		FC95CA471E3DF96D00D71E68 /* Art_Book.xcdatamodeld in Sources */ = {isa = PBXBuildFile; fileRef = FC95CA451E3DF96D00D71E68 /* Art_Book.xcdatamodeld */; };
		FC95CA491E3DF96D00D71E68 /* Assets.xcassets in Resources */ = {isa = PBXBuildFile; fileRef = FC95CA481E3DF96D00D71E68 /* Assets.xcassets */; };
		FC95CA4C1E3DF96D00D71E68 /* LaunchScreen.storyboard in Resources */ = {isa = PBXBuildFile; fileRef = FC95CA4A1E3DF96D00D71E68 /* LaunchScreen.storyboard */; };
		FC95CA541E3DFB9600D71E68 /* createVC.swift in Sources */ = {isa = PBXBuildFile; fileRef = FC95CA531E3DFB9600D71E68 /* createVC.swift */; };
		FCD7C0811E3DFF140019A2A1 /* tapme.png in Resources */ = {isa = PBXBuildFile; fileRef = FCD7C0801E3DFF140019A2A1 /* tapme.png */; };
/* End PBXBuildFile section */

/* Begin PBXFileReference section */
		FC95CA3B1E3DF96D00D71E68 /* Art Book.app */ = {isa = PBXFileReference; explicitFileType = wrapper.application; includeInIndex = 0; path = "Art Book.app"; sourceTree = BUILT_PRODUCTS_DIR; };
		FC95CA3E1E3DF96D00D71E68 /* AppDelegate.swift */ = {isa = PBXFileReference; lastKnownFileType = sourcecode.swift; path = AppDelegate.swift; sourceTree = "<group>"; };
		FC95CA401E3DF96D00D71E68 /* ViewController.swift */ = {isa = PBXFileReference; lastKnownFileType = sourcecode.swift; path = ViewController.swift; sourceTree = "<group>"; };
		FC95CA431E3DF96D00D71E68 /* Base */ = {isa = PBXFileReference; lastKnownFileType = file.storyboard; name = Base; path = Base.lproj/Main.storyboard; sourceTree = "<group>"; };
		FC95CA461E3DF96D00D71E68 /* Art_Book.xcdatamodel */ = {isa = PBXFileReference; lastKnownFileType = wrapper.xcdatamodel; path = Art_Book.xcdatamodel; sourceTree = "<group>"; };
		FC95CA481E3DF96D00D71E68 /* Assets.xcassets */ = {isa = PBXFileReference; lastKnownFileType = folder.assetcatalog; path = Assets.xcassets; sourceTree = "<group>"; };
		FC95CA4B1E3DF96D00D71E68 /* Base */ = {isa = PBXFileReference; lastKnownFileType = file.storyboard; name = Base; path = Base.lproj/LaunchScreen.storyboard; sourceTree = "<group>"; };
		FC95CA4D1E3DF96D00D71E68 /* Info.plist */ = {isa = PBXFileReference; lastKnownFileType = text.plist.xml; path = Info.plist; sourceTree = "<group>"; };
		FC95CA531E3DFB9600D71E68 /* createVC.swift */ = {isa = PBXFileReference; fileEncoding = 4; lastKnownFileType = sourcecode.swift; path = createVC.swift; sourceTree = "<group>"; };
		FCD7C0801E3DFF140019A2A1 /* tapme.png */ = {isa = PBXFileReference; lastKnownFileType = image.png; path = tapme.png; sourceTree = "<group>"; };
/* End PBXFileReference section */

/* Begin PBXFrameworksBuildPhase section */
		FC95CA381E3DF96D00D71E68 /* Frameworks */ = {
			isa = PBXFrameworksBuildPhase;
			buildActionMask = 2147483647;
			files = (
			);
			runOnlyForDeploymentPostprocessing = 0;
		};
/* End PBXFrameworksBuildPhase section */

/* Begin PBXGroup section */
		FC95CA321E3DF96D00D71E68 = {
			isa = PBXGroup;
			children = (
				FC95CA3D1E3DF96D00D71E68 /* Art Book */,
				FC95CA3C1E3DF96D00D71E68 /* Products */,
			);
			sourceTree = "<group>";
		};
		FC95CA3C1E3DF96D00D71E68 /* Products */ = {
			isa = PBXGroup;
			children = (
				FC95CA3B1E3DF96D00D71E68 /* Art Book.app */,
			);
			name = Products;
			sourceTree = "<group>";
		};
		FC95CA3D1E3DF96D00D71E68 /* Art Book */ = {
			isa = PBXGroup;
			children = (
				FC95CA3E1E3DF96D00D71E68 /* AppDelegate.swift */,
				FC95CA401E3DF96D00D71E68 /* ViewController.swift */,
				FC95CA531E3DFB9600D71E68 /* createVC.swift */,
				FC95CA421E3DF96D00D71E68 /* Main.storyboard */,
				FC95CA481E3DF96D00D71E68 /* Assets.xcassets */,
				FC95CA4A1E3DF96D00D71E68 /* LaunchScreen.storyboard */,
				FCD7C0801E3DFF140019A2A1 /* tapme.png */,
				FC95CA4D1E3DF96D00D71E68 /* Info.plist */,
				FC95CA451E3DF96D00D71E68 /* Art_Book.xcdatamodeld */,
			);
			path = "Art Book";
			sourceTree = "<group>";
		};
/* End PBXGroup section */

/* Begin PBXNativeTarget section */
		FC95CA3A1E3DF96D00D71E68 /* Art Book */ = {
			isa = PBXNativeTarget;
			buildConfigurationList = FC95CA501E3DF96D00D71E68 /* Build configuration list for PBXNativeTarget "Art Book" */;
			buildPhases = (
				FC95CA371E3DF96D00D71E68 /* Sources */,
				FC95CA381E3DF96D00D71E68 /* Frameworks */,
				FC95CA391E3DF96D00D71E68 /* Resources */,
			);
			buildRules = (
			);
			dependencies = (
			);
			name = "Art Book";
			productName = "Art Book";
			productReference = FC95CA3B1E3DF96D00D71E68 /* Art Book.app */;
			productType = "com.apple.product-type.application";
		};
/* End PBXNativeTarget section */

/* Begin PBXProject section */
		FC95CA331E3DF96D00D71E68 /* Project object */ = {
			isa = PBXProject;
			attributes = {
				LastSwiftUpdateCheck = 0820;
				LastUpgradeCheck = 0820;
				ORGANIZATIONNAME = "Atıl Samancıoğlu";
				TargetAttributes = {
					FC95CA3A1E3DF96D00D71E68 = {
						CreatedOnToolsVersion = 8.2.1;
						DevelopmentTeam = 7SH627DBA4;
						ProvisioningStyle = Automatic;
					};
				};
			};
			buildConfigurationList = FC95CA361E3DF96D00D71E68 /* Build configuration list for PBXProject "Art Book" */;
			compatibilityVersion = "Xcode 3.2";
			developmentRegion = English;
			hasScannedForEncodings = 0;
			knownRegions = (
				en,
				Base,
			);
			mainGroup = FC95CA321E3DF96D00D71E68;
			productRefGroup = FC95CA3C1E3DF96D00D71E68 /* Products */;
			projectDirPath = "";
			projectRoot = "";
			targets = (
				FC95CA3A1E3DF96D00D71E68 /* Art Book */,
			);
		};
/* End PBXProject section */

/* Begin PBXResourcesBuildPhase section */
		FC95CA391E3DF96D00D71E68 /* Resources */ = {
			isa = PBXResourcesBuildPhase;
			buildActionMask = 2147483647;
			files = (
				FC95CA4C1E3DF96D00D71E68 /* LaunchScreen.storyboard in Resources */,
				FC95CA491E3DF96D00D71E68 /* Assets.xcassets in Resources */,
				FC95CA441E3DF96D00D71E68 /* Main.storyboard in Resources */,
				FCD7C0811E3DFF140019A2A1 /* tapme.png in Resources */,
			);
			runOnlyForDeploymentPostprocessing = 0;
		};
/* End PBXResourcesBuildPhase section */

/* Begin PBXSourcesBuildPhase section */
		FC95CA371E3DF96D00D71E68 /* Sources */ = {
			isa = PBXSourcesBuildPhase;
			buildActionMask = 2147483647;
			files = (
				FC95CA411E3DF96D00D71E68 /* ViewController.swift in Sources */,
				FC95CA3F1E3DF96D00D71E68 /* AppDelegate.swift in Sources */,
				FC95CA541E3DFB9600D71E68 /* createVC.swift in Sources */,
				FC95CA471E3DF96D00D71E68 /* Art_Book.xcdatamodeld in Sources */,
			);
			runOnlyForDeploymentPostprocessing = 0;
		};
/* End PBXSourcesBuildPhase section */

/* Begin PBXVariantGroup section */
		FC95CA421E3DF96D00D71E68 /* Main.storyboard */ = {
			isa = PBXVariantGroup;
			children = (
				FC95CA431E3DF96D00D71E68 /* Base */,
			);
			name = Main.storyboard;
			sourceTree = "<group>";
		};
		FC95CA4A1E3DF96D00D71E68 /* LaunchScreen.storyboard */ = {
			isa = PBXVariantGroup;
			children = (
				FC95CA4B1E3DF96D00D71E68 /* Base */,
			);
			name = LaunchScreen.storyboard;
			sourceTree = "<group>";
		};
/* End PBXVariantGroup section */

/* Begin XCBuildConfiguration section */
		FC95CA4E1E3DF96D00D71E68 /* Debug */ = {
			isa = XCBuildConfiguration;
			buildSettings = {
				ALWAYS_SEARCH_USER_PATHS = NO;
				CLANG_ANALYZER_NONNULL = YES;
				CLANG_CXX_LANGUAGE_STANDARD = "gnu++0x";
				CLANG_CXX_LIBRARY = "libc++";
				CLANG_ENABLE_MODULES = YES;
				CLANG_ENABLE_OBJC_ARC = YES;
				CLANG_WARN_BOOL_CONVERSION = YES;
				CLANG_WARN_CONSTANT_CONVERSION = YES;
				CLANG_WARN_DIRECT_OBJC_ISA_USAGE = YES_ERROR;
				CLANG_WARN_DOCUMENTATION_COMMENTS = YES;
				CLANG_WARN_EMPTY_BODY = YES;
				CLANG_WARN_ENUM_CONVERSION = YES;
				CLANG_WARN_INFINITE_RECURSION = YES;
				CLANG_WARN_INT_CONVERSION = YES;
				CLANG_WARN_OBJC_ROOT_CLASS = YES_ERROR;
				CLANG_WARN_SUSPICIOUS_MOVE = YES;
				CLANG_WARN_UNREACHABLE_CODE = YES;
				CLANG_WARN__DUPLICATE_METHOD_MATCH = YES;
				"CODE_SIGN_IDENTITY[sdk=iphoneos*]" = "iPhone Developer";
				COPY_PHASE_STRIP = NO;
				DEBUG_INFORMATION_FORMAT = dwarf;
				ENABLE_STRICT_OBJC_MSGSEND = YES;
				ENABLE_TESTABILITY = YES;
				GCC_C_LANGUAGE_STANDARD = gnu99;
				GCC_DYNAMIC_NO_PIC = NO;
				GCC_NO_COMMON_BLOCKS = YES;
				GCC_OPTIMIZATION_LEVEL = 0;
				GCC_PREPROCESSOR_DEFINITIONS = (
					"DEBUG=1",
					"$(inherited)",
				);
				GCC_WARN_64_TO_32_BIT_CONVERSION = YES;
				GCC_WARN_ABOUT_RETURN_TYPE = YES_ERROR;
				GCC_WARN_UNDECLARED_SELECTOR = YES;
				GCC_WARN_UNINITIALIZED_AUTOS = YES_AGGRESSIVE;
				GCC_WARN_UNUSED_FUNCTION = YES;
				GCC_WARN_UNUSED_VARIABLE = YES;
				IPHONEOS_DEPLOYMENT_TARGET = 10.2;
				MTL_ENABLE_DEBUG_INFO = YES;
				ONLY_ACTIVE_ARCH = YES;
				SDKROOT = iphoneos;
				SWIFT_ACTIVE_COMPILATION_CONDITIONS = DEBUG;
				SWIFT_OPTIMIZATION_LEVEL = "-Onone";
				TARGETED_DEVICE_FAMILY = "1,2";
			};
			name = Debug;
		};
		FC95CA4F1E3DF96D00D71E68 /* Release */ = {
			isa = XCBuildConfiguration;
			buildSettings = {
				ALWAYS_SEARCH_USER_PATHS = NO;
				CLANG_ANALYZER_NONNULL = YES;
				CLANG_CXX_LANGUAGE_STANDARD = "gnu++0x";
				CLANG_CXX_LIBRARY = "libc++";
				CLANG_ENABLE_MODULES = YES;
				CLANG_ENABLE_OBJC_ARC = YES;
				CLANG_WARN_BOOL_CONVERSION = YES;
				CLANG_WARN_CONSTANT_CONVERSION = YES;
				CLANG_WARN_DIRECT_OBJC_ISA_USAGE = YES_ERROR;
				CLANG_WARN_DOCUMENTATION_COMMENTS = YES;
				CLANG_WARN_EMPTY_BODY = YES;
				CLANG_WARN_ENUM_CONVERSION = YES;
				CLANG_WARN_INFINITE_RECURSION = YES;
				CLANG_WARN_INT_CONVERSION = YES;
				CLANG_WARN_OBJC_ROOT_CLASS = YES_ERROR;
				CLANG_WARN_SUSPICIOUS_MOVE = YES;
				CLANG_WARN_UNREACHABLE_CODE = YES;
				CLANG_WARN__DUPLICATE_METHOD_MATCH = YES;
				"CODE_SIGN_IDENTITY[sdk=iphoneos*]" = "iPhone Developer";
				COPY_PHASE_STRIP = NO;
				DEBUG_INFORMATION_FORMAT = "dwarf-with-dsym";
				ENABLE_NS_ASSERTIONS = NO;
				ENABLE_STRICT_OBJC_MSGSEND = YES;
				GCC_C_LANGUAGE_STANDARD = gnu99;
				GCC_NO_COMMON_BLOCKS = YES;
				GCC_WARN_64_TO_32_BIT_CONVERSION = YES;
				GCC_WARN_ABOUT_RETURN_TYPE = YES_ERROR;
				GCC_WARN_UNDECLARED_SELECTOR = YES;
				GCC_WARN_UNINITIALIZED_AUTOS = YES_AGGRESSIVE;
				GCC_WARN_UNUSED_FUNCTION = YES;
				GCC_WARN_UNUSED_VARIABLE = YES;
				IPHONEOS_DEPLOYMENT_TARGET = 10.2;
				MTL_ENABLE_DEBUG_INFO = NO;
				SDKROOT = iphoneos;
				SWIFT_OPTIMIZATION_LEVEL = "-Owholemodule";
				TARGETED_DEVICE_FAMILY = "1,2";
				VALIDATE_PRODUCT = YES;
			};
			name = Release;
		};
		FC95CA511E3DF96D00D71E68 /* Debug */ = {
			isa = XCBuildConfiguration;
			buildSettings = {
				ASSETCATALOG_COMPILER_APPICON_NAME = AppIcon;
				DEVELOPMENT_TEAM = 7SH627DBA4;
				INFOPLIST_FILE = "Art Book/Info.plist";
				LD_RUNPATH_SEARCH_PATHS = "$(inherited) @executable_path/Frameworks";
				PRODUCT_BUNDLE_IDENTIFIER = "com.atilsamancioglu.Art-Book";
				PRODUCT_NAME = "$(TARGET_NAME)";
				SWIFT_VERSION = 3.0;
			};
			name = Debug;
		};
		FC95CA521E3DF96D00D71E68 /* Release */ = {
			isa = XCBuildConfiguration;
			buildSettings = {
				ASSETCATALOG_COMPILER_APPICON_NAME = AppIcon;
				DEVELOPMENT_TEAM = 7SH627DBA4;
				INFOPLIST_FILE = "Art Book/Info.plist";
				LD_RUNPATH_SEARCH_PATHS = "$(inherited) @executable_path/Frameworks";
				PRODUCT_BUNDLE_IDENTIFIER = "com.atilsamancioglu.Art-Book";
				PRODUCT_NAME = "$(TARGET_NAME)";
				SWIFT_VERSION = 3.0;
			};
			name = Release;
		};
/* End XCBuildConfiguration section */

/* Begin XCConfigurationList section */
		FC95CA361E3DF96D00D71E68 /* Build configuration list for PBXProject "Art Book" */ = {
			isa = XCConfigurationList;
			buildConfigurations = (
				FC95CA4E1E3DF96D00D71E68 /* Debug */,
				FC95CA4F1E3DF96D00D71E68 /* Release */,
			);
			defaultConfigurationIsVisible = 0;
			defaultConfigurationName = Release;
		};
		FC95CA501E3DF96D00D71E68 /* Build configuration list for PBXNativeTarget "Art Book" */ = {
			isa = XCConfigurationList;
			buildConfigurations = (
				FC95CA511E3DF96D00D71E68 /* Debug */,
				FC95CA521E3DF96D00D71E68 /* Release */,
			);
			defaultConfigurationIsVisible = 0;
			defaultConfigurationName = Release;
		};
/* End XCConfigurationList section */

/* Begin XCVersionGroup section */
		FC95CA451E3DF96D00D71E68 /* Art_Book.xcdatamodeld */ = {
			isa = XCVersionGroup;
			children = (
				FC95CA461E3DF96D00D71E68 /* Art_Book.xcdatamodel */,
			);
			currentVersion = FC95CA461E3DF96D00D71E68 /* Art_Book.xcdatamodel */;
			path = Art_Book.xcdatamodeld;
			sourceTree = "<group>";
			versionGroupType = wrapper.xcdatamodel;
		};
/* End XCVersionGroup section */
	};
	rootObject = FC95CA331E3DF96D00D71E68 /* Project object */;
}
